
Microsoft Visual Studio Solution File, Format Version 12.00
# Visual Studio Version 17
VisualStudioVersion = 17.8.34330.188
MinimumVisualStudioVersion = 10.0.40219.1
Project("{FAE04EC0-301F-11D3-BF4B-00C04F79EFBC}") = "MyHttpTriggerFunction", "MyHttpTriggerFunction.csproj", "{FE256122-D476-4C7A-9277-ECE77ED3E88F}"
EndProject
Global
	GlobalSection(SolutionConfigurationPlatforms) = preSolution
		Debug|Any CPU = Debug|Any CPU
		Release|Any CPU = Release|Any CPU
	EndGlobalSection
	GlobalSection(ProjectConfigurationPlatforms) = postSolution
		{FE256122-D476-4C7A-9277-ECE77ED3E88F}.Debug|Any CPU.ActiveCfg = Debug|Any CPU
		{FE256122-D476-4C7A-9277-ECE77ED3E88F}.Debug|Any CPU.Build.0 = Debug|Any CPU
		{FE256122-D476-4C7A-9277-ECE77ED3E88F}.Release|Any CPU.ActiveCfg = Release|Any CPU
		{FE256122-D476-4C7A-9277-ECE77ED3E88F}.Release|Any CPU.Build.0 = Release|Any CPU
	EndGlobalSection
	GlobalSection(SolutionProperties) = preSolution
		HideSolutionNode = FALSE
	EndGlobalSection
	GlobalSection(ExtensibilityGlobals) = postSolution
		SolutionGuid = {FBE0FBCE-9D02-4084-B2D7-4F11BE6CA735}
	EndGlobalSection
EndGlobal
